{
  "version": 4,
  "terraform_version": "1.11.3",
  "serial": 5,
  "lineage": "fd926919-3f0c-a7df-269c-e8375e913826",
  "outputs": {},
  "resources": [
    {
      "mode": "managed",
      "type": "aws_default_vpc",
      "name": "default",
      "provider": "provider[\"registry.terraform.io/hashicorp/aws\"]",
      "instances": [
        {
          "schema_version": 1,
          "attributes": {
            "arn": "arn:aws:ec2:ap-southeast-2:374189381877:vpc/vpc-0cf746b2381ef987b",
            "assign_generated_ipv6_cidr_block": false,
            "cidr_block": "172.31.0.0/16",
            "default_network_acl_id": "acl-085dabc49781ee8e7",
            "default_route_table_id": "rtb-03243c7cfc1d63004",
            "default_security_group_id": "sg-0b0bf4d58ae85ab49",
            "dhcp_options_id": "dopt-07c6c6122bacd4524",
            "enable_dns_hostnames": true,
            "enable_dns_support": true,
            "enable_network_address_usage_metrics": false,
            "existing_default_vpc": true,
            "force_destroy": false,
            "id": "vpc-0cf746b2381ef987b",
            "instance_tenancy": "default",
            "ipv6_association_id": "",
            "ipv6_cidr_block": "",
            "ipv6_cidr_block_network_border_group": "",
            "ipv6_ipam_pool_id": "",
            "ipv6_netmask_length": 0,
            "main_route_table_id": "rtb-03243c7cfc1d63004",
            "owner_id": "374189381877",
            "tags": null,
            "tags_all": {}
          },
          "sensitive_attributes": [],
          "private": "eyJzY2hlbWFfdmVyc2lvbiI6IjEifQ=="
        }
      ]
    },
    {
      "mode": "managed",
      "type": "aws_instance",
      "name": "testinstance",
      "provider": "provider[\"registry.terraform.io/hashicorp/aws\"]",
      "instances": [
        {
          "schema_version": 1,
          "attributes": {
            "ami": "ami-0f5d1713c9af4fe30",
            "arn": "arn:aws:ec2:ap-southeast-2:374189381877:instance/i-09d67583f8724cb48",
            "associate_public_ip_address": true,
            "availability_zone": "ap-southeast-2a",
            "capacity_reservation_specification": [
              {
                "capacity_reservation_preference": "open",
                "capacity_reservation_target": []
              }
            ],
            "cpu_core_count": 2,
            "cpu_options": [
              {
                "amd_sev_snp": "",
                "core_count": 2,
                "threads_per_core": 1
              }
            ],
            "cpu_threads_per_core": 1,
            "credit_specification": [
              {
                "cpu_credits": "standard"
              }
            ],
            "disable_api_stop": false,
            "disable_api_termination": false,
            "ebs_block_device": [],
            "ebs_optimized": false,
            "enclave_options": [
              {
                "enabled": false
              }
            ],
            "ephemeral_block_device": [],
            "get_password_data": false,
            "hibernation": false,
            "host_id": "",
            "host_resource_group_arn": null,
            "iam_instance_profile": "",
            "id": "i-09d67583f8724cb48",
            "instance_initiated_shutdown_behavior": "stop",
            "instance_lifecycle": "",
            "instance_market_options": [],
            "instance_state": "running",
            "instance_type": "t2.large",
            "ipv6_address_count": 0,
            "ipv6_addresses": [],
            "key_name": "terra-automate-key",
            "launch_template": [],
            "maintenance_options": [
              {
                "auto_recovery": "default"
              }
            ],
            "metadata_options": [
              {
                "http_endpoint": "enabled",
                "http_protocol_ipv6": "disabled",
                "http_put_response_hop_limit": 2,
                "http_tokens": "required",
                "instance_metadata_tags": "disabled"
              }
            ],
            "monitoring": false,
            "network_interface": [],
            "outpost_arn": "",
            "password_data": "",
            "placement_group": "",
            "placement_partition_number": 0,
            "primary_network_interface_id": "eni-0ce0ce32e255c08a1",
            "private_dns": "ip-172-31-0-162.ap-southeast-2.compute.internal",
            "private_dns_name_options": [
              {
                "enable_resource_name_dns_a_record": false,
                "enable_resource_name_dns_aaaa_record": false,
                "hostname_type": "ip-name"
              }
            ],
            "private_ip": "172.31.0.162",
            "public_dns": "ec2-54-206-63-27.ap-southeast-2.compute.amazonaws.com",
            "public_ip": "54.206.63.27",
            "root_block_device": [
              {
                "delete_on_termination": true,
                "device_name": "/dev/sda1",
                "encrypted": false,
                "iops": 3000,
                "kms_key_id": "",
                "tags": null,
                "tags_all": {},
                "throughput": 125,
                "volume_id": "vol-091d2a6566692ae79",
                "volume_size": 30,
                "volume_type": "gp3"
              }
            ],
            "secondary_private_ips": [],
            "security_groups": [
              "allow TLS"
            ],
            "source_dest_check": true,
            "spot_instance_request_id": "",
            "subnet_id": "subnet-03505f58debf54b22",
            "tags": {
              "Name": "Automate"
            },
            "tags_all": {
              "Name": "Automate"
            },
            "tenancy": "default",
            "timeouts": null,
            "user_data": null,
            "user_data_base64": null,
            "user_data_replace_on_change": false,
            "volume_tags": null,
            "vpc_security_group_ids": [
              "sg-0f31c6c82be481052"
            ]
          },
          "sensitive_attributes": [],
          "private": "eyJlMmJmYjczMC1lY2FhLTExZTYtOGY4OC0zNDM2M2JjN2M0YzAiOnsiY3JlYXRlIjo2MDAwMDAwMDAwMDAsImRlbGV0ZSI6MTIwMDAwMDAwMDAwMCwicmVhZCI6OTAwMDAwMDAwMDAwLCJ1cGRhdGUiOjYwMDAwMDAwMDAwMH0sInNjaGVtYV92ZXJzaW9uIjoiMSJ9",
          "dependencies": [
            "aws_default_vpc.default",
            "aws_key_pair.deployer",
            "aws_security_group.allow_user_to_connect"
          ]
        }
      ]
    },
    {
      "mode": "managed",
      "type": "aws_key_pair",
      "name": "deployer",
      "provider": "provider[\"registry.terraform.io/hashicorp/aws\"]",
      "instances": [
        {
          "schema_version": 1,
          "attributes": {
            "arn": "arn:aws:ec2:ap-southeast-2:374189381877:key-pair/terra-automate-key",
            "fingerprint": "e1:d0:de:df:7b:55:54:58:1b:6b:74:14:d5:9a:6d:2d",
            "id": "terra-automate-key",
            "key_name": "terra-automate-key",
            "key_name_prefix": "",
            "key_pair_id": "key-0ce0a7930833a0faf",
            "key_type": "rsa",
            "public_key": "ssh-rsa AAAAB3NzaC1yc2EAAAADAQABAAABgQDFhsrUcqXSJAcLi1gZRDOj8WZelo1w0RrVGRjPP6+xgdJmg7jCFMTX+wje7uhzTBEweH3rYIldKo6nSBTmI+20rUVJMkwHjAwLtssvsjArhmUe/rB0H1fA2YJX2h3fS+SphCj7++pe8juBMDUfaxlMlIbWU3k4mdcAkblNuR1g1C8dhbeik5BWTfv6Kd3TymEFBI3qq1HgVe71hS881fTaTdldGqy/+h27DpjSmEe0uLtGW2fwS3gGpgbp4Rff5xRcuUlwkIO2PIK7hdDc1zX/zVmnNfaW4NUBybmmxGdDdoATVgJjv3nk+3uVSqXs2JA4/Nb+GCaYc8oeDbYNF9oJ+S3ngdRzseWKq4DFbdwUnhdDol93a728rcDsvSHc0lB4c4W6bFxCGgv/3m2ce3ueKGtemr0amN5MtKHfypuAxZ+j0padxcWgOiOVmhVbv2lM3BrBsq4ZwNeWP88MH4mpdi16pFa5wOKPoEs1NU6E+cuxgHw1KxVy9IeRamkvY9c= avashneupane@Avashs-MacBook-Air.local",
            "tags": null,
            "tags_all": {}
          },
          "sensitive_attributes": [],
          "private": "eyJzY2hlbWFfdmVyc2lvbiI6IjEifQ=="
        }
      ]
    },
    {
      "mode": "managed",
      "type": "aws_security_group",
      "name": "allow_user_to_connect",
      "provider": "provider[\"registry.terraform.io/hashicorp/aws\"]",
      "instances": [
        {
          "schema_version": 1,
          "attributes": {
            "arn": "arn:aws:ec2:ap-southeast-2:374189381877:security-group/sg-0f31c6c82be481052",
            "description": "Allow user to connect",
            "egress": [
              {
                "cidr_blocks": [
                  "0.0.0.0/0"
                ],
                "description": " allow all outgoing traffic ",
                "from_port": 0,
                "ipv6_cidr_blocks": [],
                "prefix_list_ids": [],
                "protocol": "-1",
                "security_groups": [],
                "self": false,
                "to_port": 0
              }
            ],
            "id": "sg-0f31c6c82be481052",
            "ingress": [
              {
                "cidr_blocks": [
                  "0.0.0.0/0"
                ],
                "description": "port 22 allow",
                "from_port": 22,
                "ipv6_cidr_blocks": [],
                "prefix_list_ids": [],
                "protocol": "tcp",
                "security_groups": [],
                "self": false,
                "to_port": 22
              },
              {
                "cidr_blocks": [
                  "0.0.0.0/0"
                ],
                "description": "port 443 allow",
                "from_port": 443,
                "ipv6_cidr_blocks": [],
                "prefix_list_ids": [],
                "protocol": "tcp",
                "security_groups": [],
                "self": false,
                "to_port": 443
              },
              {
                "cidr_blocks": [
                  "0.0.0.0/0"
                ],
                "description": "port 80 allow",
                "from_port": 80,
                "ipv6_cidr_blocks": [],
                "prefix_list_ids": [],
                "protocol": "tcp",
                "security_groups": [],
                "self": false,
                "to_port": 80
              }
            ],
            "name": "allow TLS",
            "name_prefix": "",
            "owner_id": "374189381877",
            "revoke_rules_on_delete": false,
            "tags": {
              "Name": "mysecurity"
            },
            "tags_all": {
              "Name": "mysecurity"
            },
            "timeouts": null,
            "vpc_id": "vpc-0cf746b2381ef987b"
          },
          "sensitive_attributes": [],
          "private": "eyJlMmJmYjczMC1lY2FhLTExZTYtOGY4OC0zNDM2M2JjN2M0YzAiOnsiY3JlYXRlIjo2MDAwMDAwMDAwMDAsImRlbGV0ZSI6OTAwMDAwMDAwMDAwfSwic2NoZW1hX3ZlcnNpb24iOiIxIn0=",
          "dependencies": [
            "aws_default_vpc.default"
          ]
        }
      ]
    }
  ],
  "check_results": null
}
